
Microsoft Visual Studio Solution File, Format Version 12.00
# Visual Studio Version 16
VisualStudioVersion = 16.0.32602.290
MinimumVisualStudioVersion = 10.0.40219.1
Project("{FAE04EC0-301F-11D3-BF4B-00C04F79EFBC}") = "Tema3-FormularioStackPanel", "Tema3-FormularioStackPanel.csproj", "{EEC3B69F-BADA-4CB6-AC8C-CDD508402702}"
EndProject
Global
	GlobalSection(SolutionConfigurationPlatforms) = preSolution
		Debug|Any CPU = Debug|Any CPU
		Release|Any CPU = Release|Any CPU
	EndGlobalSection
	GlobalSection(ProjectConfigurationPlatforms) = postSolution
		{EEC3B69F-BADA-4CB6-AC8C-CDD508402702}.Debug|Any CPU.ActiveCfg = Debug|Any CPU
		{EEC3B69F-BADA-4CB6-AC8C-CDD508402702}.Debug|Any CPU.Build.0 = Debug|Any CPU
		{EEC3B69F-BADA-4CB6-AC8C-CDD508402702}.Release|Any CPU.ActiveCfg = Release|Any CPU
		{EEC3B69F-BADA-4CB6-AC8C-CDD508402702}.Release|Any CPU.Build.0 = Release|Any CPU
	EndGlobalSection
	GlobalSection(SolutionProperties) = preSolution
		HideSolutionNode = FALSE
	EndGlobalSection
	GlobalSection(ExtensibilityGlobals) = postSolution
		SolutionGuid = {2A0D52D6-C436-4912-9AE9-85177CFC68B0}
	EndGlobalSection
EndGlobal
